
Microsoft Visual Studio Solution File, Format Version 12.00
# Visual Studio 15
VisualStudioVersion = 15.0.28307.779
MinimumVisualStudioVersion = 10.0.40219.1
Project("{FAE04EC0-301F-11D3-BF4B-00C04F79EFBC}") = "Lab3", "Lab3\Lab3.csproj", "{BBF57F38-F9E2-4A24-A3F9-72E1C1658B00}"
EndProject
Global
	GlobalSection(SolutionConfigurationPlatforms) = preSolution
		Debug|Any CPU = Debug|Any CPU
		Release|Any CPU = Release|Any CPU
	EndGlobalSection
	GlobalSection(ProjectConfigurationPlatforms) = postSolution
		{BBF57F38-F9E2-4A24-A3F9-72E1C1658B00}.Debug|Any CPU.ActiveCfg = Debug|Any CPU
		{BBF57F38-F9E2-4A24-A3F9-72E1C1658B00}.Debug|Any CPU.Build.0 = Debug|Any CPU
		{BBF57F38-F9E2-4A24-A3F9-72E1C1658B00}.Release|Any CPU.ActiveCfg = Release|Any CPU
		{BBF57F38-F9E2-4A24-A3F9-72E1C1658B00}.Release|Any CPU.Build.0 = Release|Any CPU
	EndGlobalSection
	GlobalSection(SolutionProperties) = preSolution
		HideSolutionNode = FALSE
	EndGlobalSection
	GlobalSection(ExtensibilityGlobals) = postSolution
		SolutionGuid = {4B1A2A1A-8E68-450D-8589-B771A4F1E3C9}
	EndGlobalSection
EndGlobal
